
Microsoft Visual Studio Solution File, Format Version 12.00
# Visual Studio Version 17
VisualStudioVersion = 17.8.34316.72
MinimumVisualStudioVersion = 10.0.40219.1
Project("{FAE04EC0-301F-11D3-BF4B-00C04F79EFBC}") = "Net8_With_MongoDB_Example", "Net8_With_MongoDB_Example.csproj", "{82BE5CBF-EBD6-4E1C-8741-F7AE6E4FCFF7}"
EndProject
Global
	GlobalSection(SolutionConfigurationPlatforms) = preSolution
		Debug|Any CPU = Debug|Any CPU
		Release|Any CPU = Release|Any CPU
	EndGlobalSection
	GlobalSection(ProjectConfigurationPlatforms) = postSolution
		{82BE5CBF-EBD6-4E1C-8741-F7AE6E4FCFF7}.Debug|Any CPU.ActiveCfg = Debug|Any CPU
		{82BE5CBF-EBD6-4E1C-8741-F7AE6E4FCFF7}.Debug|Any CPU.Build.0 = Debug|Any CPU
		{82BE5CBF-EBD6-4E1C-8741-F7AE6E4FCFF7}.Release|Any CPU.ActiveCfg = Release|Any CPU
		{82BE5CBF-EBD6-4E1C-8741-F7AE6E4FCFF7}.Release|Any CPU.Build.0 = Release|Any CPU
	EndGlobalSection
	GlobalSection(SolutionProperties) = preSolution
		HideSolutionNode = FALSE
	EndGlobalSection
	GlobalSection(ExtensibilityGlobals) = postSolution
		SolutionGuid = {BE66F7AC-2D5F-494A-A344-3AFCE3CBD4F4}
	EndGlobalSection
EndGlobal
